
Microsoft Visual Studio Solution File, Format Version 12.00
# Visual Studio Version 17
VisualStudioVersion = 17.14.37628.2
MinimumVisualStudioVersion = 10.0.40219.1
Project("{2150E333-8FDC-42A3-9474-1A3956D46DE8}") = "Task0", "Task0", "{02EA681E-C7D8-13C7-8484-4AC65E1B71E8}"
EndProject
Project("{FAE04EC0-301F-11D3-BF4B-00C04F79EFBC}") = "Tyuiu.SuslonovLT.Sprint0.Task0.V0", "Tyuiu.SuslonovLT.Sprint0.Task0.V0\Tyuiu.SuslonovLT.Sprint0.Task0.V0.csproj", "{3026418D-8EA8-4AB5-A2F0-0C766B0AC822}"
EndProject
Project("{2150E333-8FDC-42A3-9474-1A3956D46DE8}") = "Task1", "Task1", "{3215F367-B641-4428-8847-67FD6B6D4E25}"
EndProject
Project("{FAE04EC0-301F-11D3-BF4B-00C04F79EFBC}") = "Tyuiu.SuslonovLT.Sprint0.Task1.V0", "Tyuiu.SuslonovLT.Sprint0.Task1.V0\Tyuiu.SuslonovLT.Sprint0.Task1.V0.csproj", "{984952CD-5BB8-416A-AFDD-8C57053B52D4}"
EndProject
Project("{2150E333-8FDC-42A3-9474-1A3956D46DE8}") = "Task2", "Task2", "{5889D8AF-9121-4485-AFEB-09E625C4D170}"
EndProject
Project("{FAE04EC0-301F-11D3-BF4B-00C04F79EFBC}") = "Tyuiu.SuslonovLT.Sprint0.Task2.V0", "Tyuiu.SuslonovLT.Sprint0.Task2.V0\Tyuiu.SuslonovLT.Sprint0.Task2.V0.csproj", "{8C68F738-81A9-47DC-A14B-D3F572F196AF}"
EndProject
Project("{FAE04EC0-301F-11D3-BF4B-00C04F79EFBC}") = "Tyuiu.SuslonovLT.Sprint0.Task2.V0.Lib", "Tyuiu.SuslonovLT.Sprint0.Task2.V0.Lib\Tyuiu.SuslonovLT.Sprint0.Task2.V0.Lib.csproj", "{972C3B42-E8F2-45CF-A340-1555599BD8C4}"
EndProject
Project("{FAE04EC0-301F-11D3-BF4B-00C04F79EFBC}") = "Tyuiu.SuslonovLT.Sprint0.Task2.V0.Test", "Tyuiu.SuslonovLT.Sprint0.Task2.V0.Test\Tyuiu.SuslonovLT.Sprint0.Task2.V0.Test.csproj", "{7FF9C430-E2D5-4ECA-AB4C-F2AEE84E19B5}"
EndProject
Project("{2150E333-8FDC-42A3-9474-1A3956D46DE8}") = "Task3", "Task3", "{2F217331-364B-4CB4-BAA9-761A72F44743}"
EndProject
Project("{FAE04EC0-301F-11D3-BF4B-00C04F79EFBC}") = "Tyuiu.SuslonovLT.Sprint0.Task3.V0", "Tyuiu.SuslonovLT.Sprint0.Task3.V0\Tyuiu.SuslonovLT.Sprint0.Task3.V0.csproj", "{2F19E209-E73C-4BC6-8895-DCE91B841850}"
EndProject
Project("{FAE04EC0-301F-11D3-BF4B-00C04F79EFBC}") = "Tyuiu.SuslonovLT.Sprint0.Task3.V0.Lib", "Tyuiu.SuslonovLT.Sprint0.Task3.V0.Lib\Tyuiu.SuslonovLT.Sprint0.Task3.V0.Lib.csproj", "{855C8425-ECE1-478E-A546-8B7183C5888A}"
EndProject
Project("{FAE04EC0-301F-11D3-BF4B-00C04F79EFBC}") = "Tyuiu.SuslonovLT.Sprint0.Task3.V0.Test", "Tyuiu.SuslonovLT.Sprint0.Task3.V0.Test\Tyuiu.SuslonovLT.Sprint0.Task3.V0.Test.csproj", "{C32BBDA9-542A-497D-82DE-5F9E3AAA97C3}"
EndProject
Project("{2150E333-8FDC-42A3-9474-1A3956D46DE8}") = "Task4", "Task4", "{9C129EB9-A3E4-4E5B-928D-76F7AD749D13}"
EndProject
Project("{FAE04EC0-301F-11D3-BF4B-00C04F79EFBC}") = "Tyuiu.SuslonovLT.Sprint0.Task4.V0", "Tyuiu.SuslonovLT.Sprint0.Task4.V0\Tyuiu.SuslonovLT.Sprint0.Task4.V0.csproj", "{34CE2C4F-66E9-45E0-A623-859C60195CAD}"
EndProject
Project("{FAE04EC0-301F-11D3-BF4B-00C04F79EFBC}") = "Tyuiu.SuslonovLT.Sprint0.Task4.V0.Lib", "Tyuiu.SuslonovLT.Sprint0.Task4.V0.Lib\Tyuiu.SuslonovLT.Sprint0.Task4.V0.Lib.csproj", "{270BABDA-93E0-46D6-995E-03EB80C71203}"
EndProject
Project("{FAE04EC0-301F-11D3-BF4B-00C04F79EFBC}") = "Tyuiu.SuslonovLT.Sprint0.Task4.V0.Test", "Tyuiu.SuslonovLT.Sprint0.Task4.V0.Test\Tyuiu.SuslonovLT.Sprint0.Task4.V0.Test.csproj", "{B9011C10-C31C-4FBA-81A1-57675023432A}"
EndProject
Project("{2150E333-8FDC-42A3-9474-1A3956D46DE8}") = "Task5", "Task5", "{3C85C358-ACA8-4D8F-B947-53BC0E6CBA98}"
EndProject
Project("{FAE04EC0-301F-11D3-BF4B-00C04F79EFBC}") = "Tyuiu.SuslonovLT.Sprint0.Task5.V0", "Tyuiu.SuslonovLT.Sprint0.Task5.V0\Tyuiu.SuslonovLT.Sprint0.Task5.V0.csproj", "{83A71BCF-2392-43D4-B564-BB597865C0B3}"
EndProject
Project("{FAE04EC0-301F-11D3-BF4B-00C04F79EFBC}") = "Tyuiu.SuslonovLT.Sprint0.Task5.V0.Lib", "Tyuiu.SuslonovLT.Sprint0.Task5.V0.Lib\Tyuiu.SuslonovLT.Sprint0.Task5.V0.Lib.csproj", "{4D6C2D35-AF8B-4CBD-8015-BC4BC30B6CBF}"
EndProject
Project("{FAE04EC0-301F-11D3-BF4B-00C04F79EFBC}") = "Tyuiu.SuslonovLT.Sprint0.Task5.V0.Test", "Tyuiu.SuslonovLT.Sprint0.Task5.V0.Test\Tyuiu.SuslonovLT.Sprint0.Task5.V0.Test.csproj", "{C2908335-F5E3-4E93-A190-90DB6099B12C}"
EndProject
Project("{2150E333-8FDC-42A3-9474-1A3956D46DE8}") = "Task6", "Task6", "{05497505-4A99-4B4D-9C51-9DB81D585814}"
EndProject
Project("{FAE04EC0-301F-11D3-BF4B-00C04F79EFBC}") = "Tyuiu.SuslonovLT.Sprint0.Task6.V0", "Tyuiu.SuslonovLT.Sprint0.Task6.V0\Tyuiu.SuslonovLT.Sprint0.Task6.V0.csproj", "{D8857B84-3599-4788-9944-19C5E3A23726}"
EndProject
Project("{FAE04EC0-301F-11D3-BF4B-00C04F79EFBC}") = "Tyuiu.SuslonovLT.Sprint0.Task6.V0.Lib", "Tyuiu.SuslonovLT.Sprint0.Task6.V0.Lib\Tyuiu.SuslonovLT.Sprint0.Task6.V0.Lib.csproj", "{C490392C-BBB1-4C4A-A14A-1F21C010809D}"
EndProject
Project("{FAE04EC0-301F-11D3-BF4B-00C04F79EFBC}") = "Tyuiu.SuslonovLT.Sprint0.Task6.V0.Test", "Tyuiu.SuslonovLT.Sprint0.Task6.V0.Test\Tyuiu.SuslonovLT.Sprint0.Task6.V0.Test.csproj", "{11501B5D-D685-48F9-8900-ED67FC64D9B2}"
EndProject
Project("{2150E333-8FDC-42A3-9474-1A3956D46DE8}") = "Task7", "Task7", "{E3980973-F665-4AEB-8FBD-F31AA66A7089}"
EndProject
Project("{FAE04EC0-301F-11D3-BF4B-00C04F79EFBC}") = "Tyuiu.SuslonovLT.Sprint0.Task7.V0", "Tyuiu.SuslonovLT.Sprint0.Task7.V0\Tyuiu.SuslonovLT.Sprint0.Task7.V0.csproj", "{2C8D4AD8-0741-402D-B219-1CB81382DC28}"
EndProject
Project("{FAE04EC0-301F-11D3-BF4B-00C04F79EFBC}") = "Tyuiu.SuslonovLT.Sprint0.Task7.V0.Lib", "Tyuiu.SuslonovLT.Sprint0.Task7.V0.Lib\Tyuiu.SuslonovLT.Sprint0.Task7.V0.Lib.csproj", "{C8186689-1F61-4C27-8C5D-F25CFF8AD403}"
EndProject
Project("{FAE04EC0-301F-11D3-BF4B-00C04F79EFBC}") = "Tyuiu.SuslonovLT.Sprint0.Task7.V0.Test", "Tyuiu.SuslonovLT.Sprint0.Task7.V0.Test\Tyuiu.SuslonovLT.Sprint0.Task7.V0.Test.csproj", "{D45E7601-4EE0-4E8E-9502-864DB13ADD45}"
EndProject
Global
	GlobalSection(SolutionConfigurationPlatforms) = preSolution
		Debug|Any CPU = Debug|Any CPU
		Release|Any CPU = Release|Any CPU
	EndGlobalSection
	GlobalSection(ProjectConfigurationPlatforms) = postSolution
		{3026418D-8EA8-4AB5-A2F0-0C766B0AC822}.Debug|Any CPU.ActiveCfg = Debug|Any CPU
		{3026418D-8EA8-4AB5-A2F0-0C766B0AC822}.Debug|Any CPU.Build.0 = Debug|Any CPU
		{3026418D-8EA8-4AB5-A2F0-0C766B0AC822}.Release|Any CPU.ActiveCfg = Release|Any CPU
		{3026418D-8EA8-4AB5-A2F0-0C766B0AC822}.Release|Any CPU.Build.0 = Release|Any CPU
		{984952CD-5BB8-416A-AFDD-8C57053B52D4}.Debug|Any CPU.ActiveCfg = Debug|Any CPU
		{984952CD-5BB8-416A-AFDD-8C57053B52D4}.Debug|Any CPU.Build.0 = Debug|Any CPU
		{984952CD-5BB8-416A-AFDD-8C57053B52D4}.Release|Any CPU.ActiveCfg = Release|Any CPU
		{984952CD-5BB8-416A-AFDD-8C57053B52D4}.Release|Any CPU.Build.0 = Release|Any CPU
		{8C68F738-81A9-47DC-A14B-D3F572F196AF}.Debug|Any CPU.ActiveCfg = Debug|Any CPU
		{8C68F738-81A9-47DC-A14B-D3F572F196AF}.Debug|Any CPU.Build.0 = Debug|Any CPU
		{8C68F738-81A9-47DC-A14B-D3F572F196AF}.Release|Any CPU.ActiveCfg = Release|Any CPU
		{8C68F738-81A9-47DC-A14B-D3F572F196AF}.Release|Any CPU.Build.0 = Release|Any CPU
		{972C3B42-E8F2-45CF-A340-1555599BD8C4}.Debug|Any CPU.ActiveCfg = Debug|Any CPU
		{972C3B42-E8F2-45CF-A340-1555599BD8C4}.Debug|Any CPU.Build.0 = Debug|Any CPU
		{972C3B42-E8F2-45CF-A340-1555599BD8C4}.Release|Any CPU.ActiveCfg = Release|Any CPU
		{972C3B42-E8F2-45CF-A340-1555599BD8C4}.Release|Any CPU.Build.0 = Release|Any CPU
		{7FF9C430-E2D5-4ECA-AB4C-F2AEE84E19B5}.Debug|Any CPU.ActiveCfg = Debug|Any CPU
		{7FF9C430-E2D5-4ECA-AB4C-F2AEE84E19B5}.Debug|Any CPU.Build.0 = Debug|Any CPU
		{7FF9C430-E2D5-4ECA-AB4C-F2AEE84E19B5}.Release|Any CPU.ActiveCfg = Release|Any CPU
		{7FF9C430-E2D5-4ECA-AB4C-F2AEE84E19B5}.Release|Any CPU.Build.0 = Release|Any CPU
		{2F19E209-E73C-4BC6-8895-DCE91B841850}.Debug|Any CPU.ActiveCfg = Debug|Any CPU
		{2F19E209-E73C-4BC6-8895-DCE91B841850}.Debug|Any CPU.Build.0 = Debug|Any CPU
		{2F19E209-E73C-4BC6-8895-DCE91B841850}.Release|Any CPU.ActiveCfg = Release|Any CPU
		{2F19E209-E73C-4BC6-8895-DCE91B841850}.Release|Any CPU.Build.0 = Release|Any CPU
		{855C8425-ECE1-478E-A546-8B7183C5888A}.Debug|Any CPU.ActiveCfg = Debug|Any CPU
		{855C8425-ECE1-478E-A546-8B7183C5888A}.Debug|Any CPU.Build.0 = Debug|Any CPU
		{855C8425-ECE1-478E-A546-8B7183C5888A}.Release|Any CPU.ActiveCfg = Release|Any CPU
		{855C8425-ECE1-478E-A546-8B7183C5888A}.Release|Any CPU.Build.0 = Release|Any CPU
		{C32BBDA9-542A-497D-82DE-5F9E3AAA97C3}.Debug|Any CPU.ActiveCfg = Debug|Any CPU
		{C32BBDA9-542A-497D-82DE-5F9E3AAA97C3}.Debug|Any CPU.Build.0 = Debug|Any CPU
		{C32BBDA9-542A-497D-82DE-5F9E3AAA97C3}.Release|Any CPU.ActiveCfg = Release|Any CPU
		{C32BBDA9-542A-497D-82DE-5F9E3AAA97C3}.Release|Any CPU.Build.0 = Release|Any CPU
		{34CE2C4F-66E9-45E0-A623-859C60195CAD}.Debug|Any CPU.ActiveCfg = Debug|Any CPU
		{34CE2C4F-66E9-45E0-A623-859C60195CAD}.Debug|Any CPU.Build.0 = Debug|Any CPU
		{34CE2C4F-66E9-45E0-A623-859C60195CAD}.Release|Any CPU.ActiveCfg = Release|Any CPU
		{34CE2C4F-66E9-45E0-A623-859C60195CAD}.Release|Any CPU.Build.0 = Release|Any CPU
		{270BABDA-93E0-46D6-995E-03EB80C71203}.Debug|Any CPU.ActiveCfg = Debug|Any CPU
		{270BABDA-93E0-46D6-995E-03EB80C71203}.Debug|Any CPU.Build.0 = Debug|Any CPU
		{270BABDA-93E0-46D6-995E-03EB80C71203}.Release|Any CPU.ActiveCfg = Release|Any CPU
		{270BABDA-93E0-46D6-995E-03EB80C71203}.Release|Any CPU.Build.0 = Release|Any CPU
		{B9011C10-C31C-4FBA-81A1-57675023432A}.Debug|Any CPU.ActiveCfg = Debug|Any CPU
		{B9011C10-C31C-4FBA-81A1-57675023432A}.Debug|Any CPU.Build.0 = Debug|Any CPU
		{B9011C10-C31C-4FBA-81A1-57675023432A}.Release|Any CPU.ActiveCfg = Release|Any CPU
		{B9011C10-C31C-4FBA-81A1-57675023432A}.Release|Any CPU.Build.0 = Release|Any CPU
		{83A71BCF-2392-43D4-B564-BB597865C0B3}.Debug|Any CPU.ActiveCfg = Debug|Any CPU
		{83A71BCF-2392-43D4-B564-BB597865C0B3}.Debug|Any CPU.Build.0 = Debug|Any CPU
		{83A71BCF-2392-43D4-B564-BB597865C0B3}.Release|Any CPU.ActiveCfg = Release|Any CPU
		{83A71BCF-2392-43D4-B564-BB597865C0B3}.Release|Any CPU.Build.0 = Release|Any CPU
		{4D6C2D35-AF8B-4CBD-8015-BC4BC30B6CBF}.Debug|Any CPU.ActiveCfg = Debug|Any CPU
		{4D6C2D35-AF8B-4CBD-8015-BC4BC30B6CBF}.Debug|Any CPU.Build.0 = Debug|Any CPU
		{4D6C2D35-AF8B-4CBD-8015-BC4BC30B6CBF}.Release|Any CPU.ActiveCfg = Release|Any CPU
		{4D6C2D35-AF8B-4CBD-8015-BC4BC30B6CBF}.Release|Any CPU.Build.0 = Release|Any CPU
		{C2908335-F5E3-4E93-A190-90DB6099B12C}.Debug|Any CPU.ActiveCfg = Debug|Any CPU
		{C2908335-F5E3-4E93-A190-90DB6099B12C}.Debug|Any CPU.Build.0 = Debug|Any CPU
		{C2908335-F5E3-4E93-A190-90DB6099B12C}.Release|Any CPU.ActiveCfg = Release|Any CPU
		{C2908335-F5E3-4E93-A190-90DB6099B12C}.Release|Any CPU.Build.0 = Release|Any CPU
		{D8857B84-3599-4788-9944-19C5E3A23726}.Debug|Any CPU.ActiveCfg = Debug|Any CPU
		{D8857B84-3599-4788-9944-19C5E3A23726}.Debug|Any CPU.Build.0 = Debug|Any CPU
		{D8857B84-3599-4788-9944-19C5E3A23726}.Release|Any CPU.ActiveCfg = Release|Any CPU
		{D8857B84-3599-4788-9944-19C5E3A23726}.Release|Any CPU.Build.0 = Release|Any CPU
		{C490392C-BBB1-4C4A-A14A-1F21C010809D}.Debug|Any CPU.ActiveCfg = Debug|Any CPU
		{C490392C-BBB1-4C4A-A14A-1F21C010809D}.Debug|Any CPU.Build.0 = Debug|Any CPU
		{C490392C-BBB1-4C4A-A14A-1F21C010809D}.Release|Any CPU.ActiveCfg = Release|Any CPU
		{C490392C-BBB1-4C4A-A14A-1F21C010809D}.Release|Any CPU.Build.0 = Release|Any CPU
		{11501B5D-D685-48F9-8900-ED67FC64D9B2}.Debug|Any CPU.ActiveCfg = Debug|Any CPU
		{11501B5D-D685-48F9-8900-ED67FC64D9B2}.Debug|Any CPU.Build.0 = Debug|Any CPU
		{11501B5D-D685-48F9-8900-ED67FC64D9B2}.Release|Any CPU.ActiveCfg = Release|Any CPU
		{11501B5D-D685-48F9-8900-ED67FC64D9B2}.Release|Any CPU.Build.0 = Release|Any CPU
		{2C8D4AD8-0741-402D-B219-1CB81382DC28}.Debug|Any CPU.ActiveCfg = Debug|Any CPU
		{2C8D4AD8-0741-402D-B219-1CB81382DC28}.Debug|Any CPU.Build.0 = Debug|Any CPU
		{2C8D4AD8-0741-402D-B219-1CB81382DC28}.Release|Any CPU.ActiveCfg = Release|Any CPU
		{2C8D4AD8-0741-402D-B219-1CB81382DC28}.Release|Any CPU.Build.0 = Release|Any CPU
		{C8186689-1F61-4C27-8C5D-F25CFF8AD403}.Debug|Any CPU.ActiveCfg = Debug|Any CPU
		{C8186689-1F61-4C27-8C5D-F25CFF8AD403}.Debug|Any CPU.Build.0 = Debug|Any CPU
		{C8186689-1F61-4C27-8C5D-F25CFF8AD403}.Release|Any CPU.ActiveCfg = Release|Any CPU
		{C8186689-1F61-4C27-8C5D-F25CFF8AD403}.Release|Any CPU.Build.0 = Release|Any CPU
		{D45E7601-4EE0-4E8E-9502-864DB13ADD45}.Debug|Any CPU.ActiveCfg = Debug|Any CPU
		{D45E7601-4EE0-4E8E-9502-864DB13ADD45}.Debug|Any CPU.Build.0 = Debug|Any CPU
		{D45E7601-4EE0-4E8E-9502-864DB13ADD45}.Release|Any CPU.ActiveCfg = Release|Any CPU
		{D45E7601-4EE0-4E8E-9502-864DB13ADD45}.Release|Any CPU.Build.0 = Release|Any CPU
	EndGlobalSection
	GlobalSection(SolutionProperties) = preSolution
		HideSolutionNode = FALSE
	EndGlobalSection
	GlobalSection(NestedProjects) = preSolution
		{3026418D-8EA8-4AB5-A2F0-0C766B0AC822} = {02EA681E-C7D8-13C7-8484-4AC65E1B71E8}
		{984952CD-5BB8-416A-AFDD-8C57053B52D4} = {3215F367-B641-4428-8847-67FD6B6D4E25}
		{8C68F738-81A9-47DC-A14B-D3F572F196AF} = {5889D8AF-9121-4485-AFEB-09E625C4D170}
		{972C3B42-E8F2-45CF-A340-1555599BD8C4} = {5889D8AF-9121-4485-AFEB-09E625C4D170}
		{7FF9C430-E2D5-4ECA-AB4C-F2AEE84E19B5} = {5889D8AF-9121-4485-AFEB-09E625C4D170}
		{2F19E209-E73C-4BC6-8895-DCE91B841850} = {2F217331-364B-4CB4-BAA9-761A72F44743}
		{855C8425-ECE1-478E-A546-8B7183C5888A} = {2F217331-364B-4CB4-BAA9-761A72F44743}
		{C32BBDA9-542A-497D-82DE-5F9E3AAA97C3} = {2F217331-364B-4CB4-BAA9-761A72F44743}
		{34CE2C4F-66E9-45E0-A623-859C60195CAD} = {9C129EB9-A3E4-4E5B-928D-76F7AD749D13}
		{270BABDA-93E0-46D6-995E-03EB80C71203} = {9C129EB9-A3E4-4E5B-928D-76F7AD749D13}
		{B9011C10-C31C-4FBA-81A1-57675023432A} = {9C129EB9-A3E4-4E5B-928D-76F7AD749D13}
		{83A71BCF-2392-43D4-B564-BB597865C0B3} = {3C85C358-ACA8-4D8F-B947-53BC0E6CBA98}
		{4D6C2D35-AF8B-4CBD-8015-BC4BC30B6CBF} = {3C85C358-ACA8-4D8F-B947-53BC0E6CBA98}
		{C2908335-F5E3-4E93-A190-90DB6099B12C} = {3C85C358-ACA8-4D8F-B947-53BC0E6CBA98}
		{D8857B84-3599-4788-9944-19C5E3A23726} = {05497505-4A99-4B4D-9C51-9DB81D585814}
		{C490392C-BBB1-4C4A-A14A-1F21C010809D} = {05497505-4A99-4B4D-9C51-9DB81D585814}
		{11501B5D-D685-48F9-8900-ED67FC64D9B2} = {05497505-4A99-4B4D-9C51-9DB81D585814}
		{2C8D4AD8-0741-402D-B219-1CB81382DC28} = {E3980973-F665-4AEB-8FBD-F31AA66A7089}
		{C8186689-1F61-4C27-8C5D-F25CFF8AD403} = {E3980973-F665-4AEB-8FBD-F31AA66A7089}
		{D45E7601-4EE0-4E8E-9502-864DB13ADD45} = {E3980973-F665-4AEB-8FBD-F31AA66A7089}
	EndGlobalSection
	GlobalSection(ExtensibilityGlobals) = postSolution
		SolutionGuid = {CB17ACC7-7C2B-4324-BCFF-F4C1C9698064}
	EndGlobalSection
EndGlobal
